
Microsoft Visual Studio Solution File, Format Version 12.00
# Visual Studio Version 17
VisualStudioVersion = 17.11.35327.3
MinimumVisualStudioVersion = 10.0.40219.1
Project("{FAE04EC0-301F-11D3-BF4B-00C04F79EFBC}") = "Banque", "Banque\Banque.csproj", "{BB25669F-AC41-41D6-A90E-86BCC6BB7A74}"
EndProject
Project("{FAE04EC0-301F-11D3-BF4B-00C04F79EFBC}") = "CompteBancaireTests", "CompteBancaireTests\CompteBancaireTests.csproj", "{FA6749D1-F3AD-448F-A4A8-F3D95674C602}"
EndProject
Global
	GlobalSection(SolutionConfigurationPlatforms) = preSolution
		Debug|Any CPU = Debug|Any CPU
		Release|Any CPU = Release|Any CPU
	EndGlobalSection
	GlobalSection(ProjectConfigurationPlatforms) = postSolution
		{BB25669F-AC41-41D6-A90E-86BCC6BB7A74}.Debug|Any CPU.ActiveCfg = Debug|Any CPU
		{BB25669F-AC41-41D6-A90E-86BCC6BB7A74}.Debug|Any CPU.Build.0 = Debug|Any CPU
		{BB25669F-AC41-41D6-A90E-86BCC6BB7A74}.Release|Any CPU.ActiveCfg = Release|Any CPU
		{BB25669F-AC41-41D6-A90E-86BCC6BB7A74}.Release|Any CPU.Build.0 = Release|Any CPU
		{FA6749D1-F3AD-448F-A4A8-F3D95674C602}.Debug|Any CPU.ActiveCfg = Debug|Any CPU
		{FA6749D1-F3AD-448F-A4A8-F3D95674C602}.Debug|Any CPU.Build.0 = Debug|Any CPU
		{FA6749D1-F3AD-448F-A4A8-F3D95674C602}.Release|Any CPU.ActiveCfg = Release|Any CPU
		{FA6749D1-F3AD-448F-A4A8-F3D95674C602}.Release|Any CPU.Build.0 = Release|Any CPU
	EndGlobalSection
	GlobalSection(SolutionProperties) = preSolution
		HideSolutionNode = FALSE
	EndGlobalSection
	GlobalSection(ExtensibilityGlobals) = postSolution
		SolutionGuid = {9AEE71AC-F8A8-4E41-82F4-9806B6D4B0C4}
	EndGlobalSection
EndGlobal
